<Solution>
  <Configurations>
    <Platform Name="x64" />
    <Platform Name="x86" />
  </Configurations>
  <Project Path="DS_W13/DS_W13.vcxproj" Id="c658b0ab-a31c-493b-8155-99f78cd5430b" />
  <Project Path="sol-DS25_W13_P1_F/sol-DS25_W13_P1_F.vcxproj" Id="be5fa030-c2e8-4673-9272-ac09d7edbcbe" />
</Solution>
